
Microsoft Visual Studio Solution File, Format Version 12.00
# Visual Studio Version 16
VisualStudioVersion = 16.0.30621.155
MinimumVisualStudioVersion = 10.0.40219.1
Project("{FAE04EC0-301F-11D3-BF4B-00C04F79EFBC}") = "SnakeWPF", "SnakeWPF\SnakeWPF.csproj", "{DAAC727E-D155-4CB0-BBBA-4FEBE1848F32}"
EndProject
Global
	GlobalSection(SolutionConfigurationPlatforms) = preSolution
		Debug|Any CPU = Debug|Any CPU
		Release|Any CPU = Release|Any CPU
	EndGlobalSection
	GlobalSection(ProjectConfigurationPlatforms) = postSolution
		{DAAC727E-D155-4CB0-BBBA-4FEBE1848F32}.Debug|Any CPU.ActiveCfg = Debug|Any CPU
		{DAAC727E-D155-4CB0-BBBA-4FEBE1848F32}.Debug|Any CPU.Build.0 = Debug|Any CPU
		{DAAC727E-D155-4CB0-BBBA-4FEBE1848F32}.Release|Any CPU.ActiveCfg = Release|Any CPU
		{DAAC727E-D155-4CB0-BBBA-4FEBE1848F32}.Release|Any CPU.Build.0 = Release|Any CPU
	EndGlobalSection
	GlobalSection(SolutionProperties) = preSolution
		HideSolutionNode = FALSE
	EndGlobalSection
	GlobalSection(ExtensibilityGlobals) = postSolution
		SolutionGuid = {A114C8BB-0BB4-408E-924B-42B73E2CDD50}
	EndGlobalSection
EndGlobal
